
Microsoft Visual Studio Solution File, Format Version 12.00
# Visual Studio Version 16
VisualStudioVersion = 16.0.31025.194
MinimumVisualStudioVersion = 10.0.40219.1
Project("{FAE04EC0-301F-11D3-BF4B-00C04F79EFBC}") = "BookingMovie", "BookingMovie.csproj", "{DDE91F69-C300-42A3-978F-E53C702D9E18}"
EndProject
Global
	GlobalSection(SolutionConfigurationPlatforms) = preSolution
		Debug|Any CPU = Debug|Any CPU
		Release|Any CPU = Release|Any CPU
	EndGlobalSection
	GlobalSection(ProjectConfigurationPlatforms) = postSolution
		{DDE91F69-C300-42A3-978F-E53C702D9E18}.Debug|Any CPU.ActiveCfg = Debug|Any CPU
		{DDE91F69-C300-42A3-978F-E53C702D9E18}.Debug|Any CPU.Build.0 = Debug|Any CPU
		{DDE91F69-C300-42A3-978F-E53C702D9E18}.Release|Any CPU.ActiveCfg = Release|Any CPU
		{DDE91F69-C300-42A3-978F-E53C702D9E18}.Release|Any CPU.Build.0 = Release|Any CPU
	EndGlobalSection
	GlobalSection(SolutionProperties) = preSolution
		HideSolutionNode = FALSE
	EndGlobalSection
	GlobalSection(ExtensibilityGlobals) = postSolution
		SolutionGuid = {6E285D8D-8F53-4467-BD28-55AC32205191}
	EndGlobalSection
EndGlobal
